
Microsoft Visual Studio Solution File, Format Version 12.00
# Visual Studio Version 17
VisualStudioVersion = 17.14.36301.6 d17.14
MinimumVisualStudioVersion = 10.0.40219.1
Project("{FAE04EC0-301F-11D3-BF4B-00C04F79EFBC}") = "baddie class", "baddie class\baddie class.csproj", "{93A7B8C8-4FCE-4413-9B77-B4A7F0354B67}"
EndProject
Global
	GlobalSection(SolutionConfigurationPlatforms) = preSolution
		Debug|Any CPU = Debug|Any CPU
		Release|Any CPU = Release|Any CPU
	EndGlobalSection
	GlobalSection(ProjectConfigurationPlatforms) = postSolution
		{93A7B8C8-4FCE-4413-9B77-B4A7F0354B67}.Debug|Any CPU.ActiveCfg = Debug|Any CPU
		{93A7B8C8-4FCE-4413-9B77-B4A7F0354B67}.Debug|Any CPU.Build.0 = Debug|Any CPU
		{93A7B8C8-4FCE-4413-9B77-B4A7F0354B67}.Release|Any CPU.ActiveCfg = Release|Any CPU
		{93A7B8C8-4FCE-4413-9B77-B4A7F0354B67}.Release|Any CPU.Build.0 = Release|Any CPU
	EndGlobalSection
	GlobalSection(SolutionProperties) = preSolution
		HideSolutionNode = FALSE
	EndGlobalSection
	GlobalSection(ExtensibilityGlobals) = postSolution
		SolutionGuid = {3EE75989-D380-48CC-B6F6-9DC004F17D74}
	EndGlobalSection
EndGlobal
